// !$*UTF8*$!
{
	archiveVersion = 1;
	classes = {
	};
	objectVersion = 56;
	objects = {

/* Begin PBXBuildFile section */
		8447C5B92C9ED54E00680E48 /* RMService.swift in Sources */ = {isa = PBXBuildFile; fileRef = 8447C5B82C9ED54E00680E48 /* RMService.swift */; };
		8447C5BB2C9ED57000680E48 /* RMRequest.swift in Sources */ = {isa = PBXBuildFile; fileRef = 8447C5BA2C9ED57000680E48 /* RMRequest.swift */; };
		8447C5BD2C9ED63C00680E48 /* RMEndpoint.swift in Sources */ = {isa = PBXBuildFile; fileRef = 8447C5BC2C9ED63C00680E48 /* RMEndpoint.swift */; };
		8447C5BF2C9EDB0B00680E48 /* RMOrigin.swift in Sources */ = {isa = PBXBuildFile; fileRef = 8447C5BE2C9EDB0B00680E48 /* RMOrigin.swift */; };
		8447C5C12C9EDB8C00680E48 /* RMSingleLocation.swift in Sources */ = {isa = PBXBuildFile; fileRef = 8447C5C02C9EDB8C00680E48 /* RMSingleLocation.swift */; };
		8470D4512C9E1A9200E11926 /* AppDelegate.swift in Sources */ = {isa = PBXBuildFile; fileRef = 8470D4502C9E1A9200E11926 /* AppDelegate.swift */; };
		8470D4532C9E1A9200E11926 /* SceneDelegate.swift in Sources */ = {isa = PBXBuildFile; fileRef = 8470D4522C9E1A9200E11926 /* SceneDelegate.swift */; };
		8470D4552C9E1A9200E11926 /* RMTabBarController.swift in Sources */ = {isa = PBXBuildFile; fileRef = 8470D4542C9E1A9200E11926 /* RMTabBarController.swift */; };
		8470D45A2C9E1A9300E11926 /* Assets.xcassets in Resources */ = {isa = PBXBuildFile; fileRef = 8470D4592C9E1A9300E11926 /* Assets.xcassets */; };
		8470D45D2C9E1A9300E11926 /* Base in Resources */ = {isa = PBXBuildFile; fileRef = 8470D45C2C9E1A9300E11926 /* Base */; };
		8470D46C2C9E1E0E00E11926 /* RMLocation.swift in Sources */ = {isa = PBXBuildFile; fileRef = 8470D46B2C9E1E0E00E11926 /* RMLocation.swift */; };
		8470D46E2C9E1E1D00E11926 /* RMCharacter.swift in Sources */ = {isa = PBXBuildFile; fileRef = 8470D46D2C9E1E1D00E11926 /* RMCharacter.swift */; };
		8470D4702C9E1E2700E11926 /* RMEpisode.swift in Sources */ = {isa = PBXBuildFile; fileRef = 8470D46F2C9E1E2700E11926 /* RMEpisode.swift */; };
		8470D4732C9E1EC400E11926 /* RMCharacterViewController.swift in Sources */ = {isa = PBXBuildFile; fileRef = 8470D4722C9E1EC400E11926 /* RMCharacterViewController.swift */; };
		8470D4752C9E1ED500E11926 /* RMLocationViewController.swift in Sources */ = {isa = PBXBuildFile; fileRef = 8470D4742C9E1ED500E11926 /* RMLocationViewController.swift */; };
		8470D4772C9E1EDE00E11926 /* RMEpisodeViewController.swift in Sources */ = {isa = PBXBuildFile; fileRef = 8470D4762C9E1EDE00E11926 /* RMEpisodeViewController.swift */; };
		8470D4792C9E1EE700E11926 /* RMSettingsViewController.swift in Sources */ = {isa = PBXBuildFile; fileRef = 8470D4782C9E1EE700E11926 /* RMSettingsViewController.swift */; };
/* End PBXBuildFile section */

/* Begin PBXFileReference section */
		8447C5B82C9ED54E00680E48 /* RMService.swift */ = {isa = PBXFileReference; lastKnownFileType = sourcecode.swift; path = RMService.swift; sourceTree = "<group>"; };
		8447C5BA2C9ED57000680E48 /* RMRequest.swift */ = {isa = PBXFileReference; lastKnownFileType = sourcecode.swift; path = RMRequest.swift; sourceTree = "<group>"; };
		8447C5BC2C9ED63C00680E48 /* RMEndpoint.swift */ = {isa = PBXFileReference; lastKnownFileType = sourcecode.swift; path = RMEndpoint.swift; sourceTree = "<group>"; };
		8447C5BE2C9EDB0B00680E48 /* RMOrigin.swift */ = {isa = PBXFileReference; lastKnownFileType = sourcecode.swift; path = RMOrigin.swift; sourceTree = "<group>"; };
		8447C5C02C9EDB8C00680E48 /* RMSingleLocation.swift */ = {isa = PBXFileReference; lastKnownFileType = sourcecode.swift; path = RMSingleLocation.swift; sourceTree = "<group>"; };
		8470D44D2C9E1A9200E11926 /* RickAndMorty.app */ = {isa = PBXFileReference; explicitFileType = wrapper.application; includeInIndex = 0; path = RickAndMorty.app; sourceTree = BUILT_PRODUCTS_DIR; };
		8470D4502C9E1A9200E11926 /* AppDelegate.swift */ = {isa = PBXFileReference; lastKnownFileType = sourcecode.swift; path = AppDelegate.swift; sourceTree = "<group>"; };
		8470D4522C9E1A9200E11926 /* SceneDelegate.swift */ = {isa = PBXFileReference; lastKnownFileType = sourcecode.swift; path = SceneDelegate.swift; sourceTree = "<group>"; };
		8470D4542C9E1A9200E11926 /* RMTabBarController.swift */ = {isa = PBXFileReference; lastKnownFileType = sourcecode.swift; path = RMTabBarController.swift; sourceTree = "<group>"; };
		8470D4592C9E1A9300E11926 /* Assets.xcassets */ = {isa = PBXFileReference; lastKnownFileType = folder.assetcatalog; path = Assets.xcassets; sourceTree = "<group>"; };
		8470D45C2C9E1A9300E11926 /* Base */ = {isa = PBXFileReference; lastKnownFileType = file.storyboard; name = Base; path = Base.lproj/LaunchScreen.storyboard; sourceTree = "<group>"; };
		8470D45E2C9E1A9300E11926 /* Info.plist */ = {isa = PBXFileReference; lastKnownFileType = text.plist.xml; path = Info.plist; sourceTree = "<group>"; };
		8470D46B2C9E1E0E00E11926 /* RMLocation.swift */ = {isa = PBXFileReference; lastKnownFileType = sourcecode.swift; path = RMLocation.swift; sourceTree = "<group>"; };
		8470D46D2C9E1E1D00E11926 /* RMCharacter.swift */ = {isa = PBXFileReference; lastKnownFileType = sourcecode.swift; path = RMCharacter.swift; sourceTree = "<group>"; };
		8470D46F2C9E1E2700E11926 /* RMEpisode.swift */ = {isa = PBXFileReference; lastKnownFileType = sourcecode.swift; path = RMEpisode.swift; sourceTree = "<group>"; };
		8470D4722C9E1EC400E11926 /* RMCharacterViewController.swift */ = {isa = PBXFileReference; lastKnownFileType = sourcecode.swift; path = RMCharacterViewController.swift; sourceTree = "<group>"; };
		8470D4742C9E1ED500E11926 /* RMLocationViewController.swift */ = {isa = PBXFileReference; lastKnownFileType = sourcecode.swift; path = RMLocationViewController.swift; sourceTree = "<group>"; };
		8470D4762C9E1EDE00E11926 /* RMEpisodeViewController.swift */ = {isa = PBXFileReference; lastKnownFileType = sourcecode.swift; path = RMEpisodeViewController.swift; sourceTree = "<group>"; };
		8470D4782C9E1EE700E11926 /* RMSettingsViewController.swift */ = {isa = PBXFileReference; lastKnownFileType = sourcecode.swift; path = RMSettingsViewController.swift; sourceTree = "<group>"; };
/* End PBXFileReference section */

/* Begin PBXFrameworksBuildPhase section */
		8470D44A2C9E1A9200E11926 /* Frameworks */ = {
			isa = PBXFrameworksBuildPhase;
			buildActionMask = 2147483647;
			files = (
			);
			runOnlyForDeploymentPostprocessing = 0;
		};
/* End PBXFrameworksBuildPhase section */

/* Begin PBXGroup section */
		8470D4442C9E1A9200E11926 = {
			isa = PBXGroup;
			children = (
				8470D44F2C9E1A9200E11926 /* RickAndMorty */,
				8470D44E2C9E1A9200E11926 /* Products */,
			);
			sourceTree = "<group>";
		};
		8470D44E2C9E1A9200E11926 /* Products */ = {
			isa = PBXGroup;
			children = (
				8470D44D2C9E1A9200E11926 /* RickAndMorty.app */,
			);
			name = Products;
			sourceTree = "<group>";
		};
		8470D44F2C9E1A9200E11926 /* RickAndMorty */ = {
			isa = PBXGroup;
			children = (
				8470D46A2C9E1D7F00E11926 /* Resources */,
				8470D4692C9E1D7200E11926 /* Managers */,
				8470D4682C9E1D5300E11926 /* APIClient */,
				8470D4672C9E1D3E00E11926 /* ViewModels */,
				8470D4662C9E1D2F00E11926 /* Views */,
				8470D4652C9E1D2200E11926 /* Models */,
				8470D4642C9E1D1C00E11926 /* Controllers */,
				8470D45E2C9E1A9300E11926 /* Info.plist */,
			);
			path = RickAndMorty;
			sourceTree = "<group>";
		};
		8470D4642C9E1D1C00E11926 /* Controllers */ = {
			isa = PBXGroup;
			children = (
				8470D4712C9E1E8A00E11926 /* Core */,
			);
			path = Controllers;
			sourceTree = "<group>";
		};
		8470D4652C9E1D2200E11926 /* Models */ = {
			isa = PBXGroup;
			children = (
				8470D46B2C9E1E0E00E11926 /* RMLocation.swift */,
				8470D46D2C9E1E1D00E11926 /* RMCharacter.swift */,
				8470D46F2C9E1E2700E11926 /* RMEpisode.swift */,
				8447C5BE2C9EDB0B00680E48 /* RMOrigin.swift */,
				8447C5C02C9EDB8C00680E48 /* RMSingleLocation.swift */,
			);
			path = Models;
			sourceTree = "<group>";
		};
		8470D4662C9E1D2F00E11926 /* Views */ = {
			isa = PBXGroup;
			children = (
			);
			path = Views;
			sourceTree = "<group>";
		};
		8470D4672C9E1D3E00E11926 /* ViewModels */ = {
			isa = PBXGroup;
			children = (
			);
			path = ViewModels;
			sourceTree = "<group>";
		};
		8470D4682C9E1D5300E11926 /* APIClient */ = {
			isa = PBXGroup;
			children = (
				8447C5B82C9ED54E00680E48 /* RMService.swift */,
				8447C5BA2C9ED57000680E48 /* RMRequest.swift */,
				8447C5BC2C9ED63C00680E48 /* RMEndpoint.swift */,
			);
			path = APIClient;
			sourceTree = "<group>";
		};
		8470D4692C9E1D7200E11926 /* Managers */ = {
			isa = PBXGroup;
			children = (
			);
			path = Managers;
			sourceTree = "<group>";
		};
		8470D46A2C9E1D7F00E11926 /* Resources */ = {
			isa = PBXGroup;
			children = (
				8470D4592C9E1A9300E11926 /* Assets.xcassets */,
				8470D45B2C9E1A9300E11926 /* LaunchScreen.storyboard */,
				8470D4502C9E1A9200E11926 /* AppDelegate.swift */,
				8470D4522C9E1A9200E11926 /* SceneDelegate.swift */,
			);
			path = Resources;
			sourceTree = "<group>";
		};
		8470D4712C9E1E8A00E11926 /* Core */ = {
			isa = PBXGroup;
			children = (
				8470D4542C9E1A9200E11926 /* RMTabBarController.swift */,
				8470D4722C9E1EC400E11926 /* RMCharacterViewController.swift */,
				8470D4742C9E1ED500E11926 /* RMLocationViewController.swift */,
				8470D4762C9E1EDE00E11926 /* RMEpisodeViewController.swift */,
				8470D4782C9E1EE700E11926 /* RMSettingsViewController.swift */,
			);
			path = Core;
			sourceTree = "<group>";
		};
/* End PBXGroup section */

/* Begin PBXNativeTarget section */
		8470D44C2C9E1A9200E11926 /* RickAndMorty */ = {
			isa = PBXNativeTarget;
			buildConfigurationList = 8470D4612C9E1A9300E11926 /* Build configuration list for PBXNativeTarget "RickAndMorty" */;
			buildPhases = (
				8470D4492C9E1A9200E11926 /* Sources */,
				8470D44A2C9E1A9200E11926 /* Frameworks */,
				8470D44B2C9E1A9200E11926 /* Resources */,
			);
			buildRules = (
			);
			dependencies = (
			);
			name = RickAndMorty;
			productName = RickAndMorty;
			productReference = 8470D44D2C9E1A9200E11926 /* RickAndMorty.app */;
			productType = "com.apple.product-type.application";
		};
/* End PBXNativeTarget section */

/* Begin PBXProject section */
		8470D4452C9E1A9200E11926 /* Project object */ = {
			isa = PBXProject;
			attributes = {
				BuildIndependentTargetsInParallel = 1;
				LastSwiftUpdateCheck = 1540;
				LastUpgradeCheck = 1540;
				TargetAttributes = {
					8470D44C2C9E1A9200E11926 = {
						CreatedOnToolsVersion = 15.4;
					};
				};
			};
			buildConfigurationList = 8470D4482C9E1A9200E11926 /* Build configuration list for PBXProject "RickAndMorty" */;
			compatibilityVersion = "Xcode 14.0";
			developmentRegion = en;
			hasScannedForEncodings = 0;
			knownRegions = (
				en,
				Base,
			);
			mainGroup = 8470D4442C9E1A9200E11926;
			productRefGroup = 8470D44E2C9E1A9200E11926 /* Products */;
			projectDirPath = "";
			projectRoot = "";
			targets = (
				8470D44C2C9E1A9200E11926 /* RickAndMorty */,
			);
		};
/* End PBXProject section */

/* Begin PBXResourcesBuildPhase section */
		8470D44B2C9E1A9200E11926 /* Resources */ = {
			isa = PBXResourcesBuildPhase;
			buildActionMask = 2147483647;
			files = (
				8470D45A2C9E1A9300E11926 /* Assets.xcassets in Resources */,
				8470D45D2C9E1A9300E11926 /* Base in Resources */,
			);
			runOnlyForDeploymentPostprocessing = 0;
		};
/* End PBXResourcesBuildPhase section */

/* Begin PBXSourcesBuildPhase section */
		8470D4492C9E1A9200E11926 /* Sources */ = {
			isa = PBXSourcesBuildPhase;
			buildActionMask = 2147483647;
			files = (
				8447C5BF2C9EDB0B00680E48 /* RMOrigin.swift in Sources */,
				8447C5C12C9EDB8C00680E48 /* RMSingleLocation.swift in Sources */,
				8470D4752C9E1ED500E11926 /* RMLocationViewController.swift in Sources */,
				8470D4702C9E1E2700E11926 /* RMEpisode.swift in Sources */,
				8470D4552C9E1A9200E11926 /* RMTabBarController.swift in Sources */,
				8470D4772C9E1EDE00E11926 /* RMEpisodeViewController.swift in Sources */,
				8470D4512C9E1A9200E11926 /* AppDelegate.swift in Sources */,
				8470D4532C9E1A9200E11926 /* SceneDelegate.swift in Sources */,
				8470D4792C9E1EE700E11926 /* RMSettingsViewController.swift in Sources */,
				8447C5B92C9ED54E00680E48 /* RMService.swift in Sources */,
				8470D46C2C9E1E0E00E11926 /* RMLocation.swift in Sources */,
				8447C5BD2C9ED63C00680E48 /* RMEndpoint.swift in Sources */,
				8470D46E2C9E1E1D00E11926 /* RMCharacter.swift in Sources */,
				8447C5BB2C9ED57000680E48 /* RMRequest.swift in Sources */,
				8470D4732C9E1EC400E11926 /* RMCharacterViewController.swift in Sources */,
			);
			runOnlyForDeploymentPostprocessing = 0;
		};
/* End PBXSourcesBuildPhase section */

/* Begin PBXVariantGroup section */
		8470D45B2C9E1A9300E11926 /* LaunchScreen.storyboard */ = {
			isa = PBXVariantGroup;
			children = (
				8470D45C2C9E1A9300E11926 /* Base */,
			);
			name = LaunchScreen.storyboard;
			sourceTree = "<group>";
		};
/* End PBXVariantGroup section */

/* Begin XCBuildConfiguration section */
		8470D45F2C9E1A9300E11926 /* Debug */ = {
			isa = XCBuildConfiguration;
			buildSettings = {
				ALWAYS_SEARCH_USER_PATHS = NO;
				ASSETCATALOG_COMPILER_GENERATE_SWIFT_ASSET_SYMBOL_EXTENSIONS = YES;
				CLANG_ANALYZER_NONNULL = YES;
				CLANG_ANALYZER_NUMBER_OBJECT_CONVERSION = YES_AGGRESSIVE;
				CLANG_CXX_LANGUAGE_STANDARD = "gnu++20";
				CLANG_ENABLE_MODULES = YES;
				CLANG_ENABLE_OBJC_ARC = YES;
				CLANG_ENABLE_OBJC_WEAK = YES;
				CLANG_WARN_BLOCK_CAPTURE_AUTORELEASING = YES;
				CLANG_WARN_BOOL_CONVERSION = YES;
				CLANG_WARN_COMMA = YES;
				CLANG_WARN_CONSTANT_CONVERSION = YES;
				CLANG_WARN_DEPRECATED_OBJC_IMPLEMENTATIONS = YES;
				CLANG_WARN_DIRECT_OBJC_ISA_USAGE = YES_ERROR;
				CLANG_WARN_DOCUMENTATION_COMMENTS = YES;
				CLANG_WARN_EMPTY_BODY = YES;
				CLANG_WARN_ENUM_CONVERSION = YES;
				CLANG_WARN_INFINITE_RECURSION = YES;
				CLANG_WARN_INT_CONVERSION = YES;
				CLANG_WARN_NON_LITERAL_NULL_CONVERSION = YES;
				CLANG_WARN_OBJC_IMPLICIT_RETAIN_SELF = YES;
				CLANG_WARN_OBJC_LITERAL_CONVERSION = YES;
				CLANG_WARN_OBJC_ROOT_CLASS = YES_ERROR;
				CLANG_WARN_QUOTED_INCLUDE_IN_FRAMEWORK_HEADER = YES;
				CLANG_WARN_RANGE_LOOP_ANALYSIS = YES;
				CLANG_WARN_STRICT_PROTOTYPES = YES;
				CLANG_WARN_SUSPICIOUS_MOVE = YES;
				CLANG_WARN_UNGUARDED_AVAILABILITY = YES_AGGRESSIVE;
				CLANG_WARN_UNREACHABLE_CODE = YES;
				CLANG_WARN__DUPLICATE_METHOD_MATCH = YES;
				COPY_PHASE_STRIP = NO;
				DEBUG_INFORMATION_FORMAT = dwarf;
				ENABLE_STRICT_OBJC_MSGSEND = YES;
				ENABLE_TESTABILITY = YES;
				ENABLE_USER_SCRIPT_SANDBOXING = YES;
				GCC_C_LANGUAGE_STANDARD = gnu17;
				GCC_DYNAMIC_NO_PIC = NO;
				GCC_NO_COMMON_BLOCKS = YES;
				GCC_OPTIMIZATION_LEVEL = 0;
				GCC_PREPROCESSOR_DEFINITIONS = (
					"DEBUG=1",
					"$(inherited)",
				);
				GCC_WARN_64_TO_32_BIT_CONVERSION = YES;
				GCC_WARN_ABOUT_RETURN_TYPE = YES_ERROR;
				GCC_WARN_UNDECLARED_SELECTOR = YES;
				GCC_WARN_UNINITIALIZED_AUTOS = YES_AGGRESSIVE;
				GCC_WARN_UNUSED_FUNCTION = YES;
				GCC_WARN_UNUSED_VARIABLE = YES;
				IPHONEOS_DEPLOYMENT_TARGET = 17.5;
				LOCALIZATION_PREFERS_STRING_CATALOGS = YES;
				MTL_ENABLE_DEBUG_INFO = INCLUDE_SOURCE;
				MTL_FAST_MATH = YES;
				ONLY_ACTIVE_ARCH = YES;
				SDKROOT = iphoneos;
				SWIFT_ACTIVE_COMPILATION_CONDITIONS = "DEBUG $(inherited)";
				SWIFT_OPTIMIZATION_LEVEL = "-Onone";
			};
			name = Debug;
		};
		8470D4602C9E1A9300E11926 /* Release */ = {
			isa = XCBuildConfiguration;
			buildSettings = {
				ALWAYS_SEARCH_USER_PATHS = NO;
				ASSETCATALOG_COMPILER_GENERATE_SWIFT_ASSET_SYMBOL_EXTENSIONS = YES;
				CLANG_ANALYZER_NONNULL = YES;
				CLANG_ANALYZER_NUMBER_OBJECT_CONVERSION = YES_AGGRESSIVE;
				CLANG_CXX_LANGUAGE_STANDARD = "gnu++20";
				CLANG_ENABLE_MODULES = YES;
				CLANG_ENABLE_OBJC_ARC = YES;
				CLANG_ENABLE_OBJC_WEAK = YES;
				CLANG_WARN_BLOCK_CAPTURE_AUTORELEASING = YES;
				CLANG_WARN_BOOL_CONVERSION = YES;
				CLANG_WARN_COMMA = YES;
				CLANG_WARN_CONSTANT_CONVERSION = YES;
				CLANG_WARN_DEPRECATED_OBJC_IMPLEMENTATIONS = YES;
				CLANG_WARN_DIRECT_OBJC_ISA_USAGE = YES_ERROR;
				CLANG_WARN_DOCUMENTATION_COMMENTS = YES;
				CLANG_WARN_EMPTY_BODY = YES;
				CLANG_WARN_ENUM_CONVERSION = YES;
				CLANG_WARN_INFINITE_RECURSION = YES;
				CLANG_WARN_INT_CONVERSION = YES;
				CLANG_WARN_NON_LITERAL_NULL_CONVERSION = YES;
				CLANG_WARN_OBJC_IMPLICIT_RETAIN_SELF = YES;
				CLANG_WARN_OBJC_LITERAL_CONVERSION = YES;
				CLANG_WARN_OBJC_ROOT_CLASS = YES_ERROR;
				CLANG_WARN_QUOTED_INCLUDE_IN_FRAMEWORK_HEADER = YES;
				CLANG_WARN_RANGE_LOOP_ANALYSIS = YES;
				CLANG_WARN_STRICT_PROTOTYPES = YES;
				CLANG_WARN_SUSPICIOUS_MOVE = YES;
				CLANG_WARN_UNGUARDED_AVAILABILITY = YES_AGGRESSIVE;
				CLANG_WARN_UNREACHABLE_CODE = YES;
				CLANG_WARN__DUPLICATE_METHOD_MATCH = YES;
				COPY_PHASE_STRIP = NO;
				DEBUG_INFORMATION_FORMAT = "dwarf-with-dsym";
				ENABLE_NS_ASSERTIONS = NO;
				ENABLE_STRICT_OBJC_MSGSEND = YES;
				ENABLE_USER_SCRIPT_SANDBOXING = YES;
				GCC_C_LANGUAGE_STANDARD = gnu17;
				GCC_NO_COMMON_BLOCKS = YES;
				GCC_WARN_64_TO_32_BIT_CONVERSION = YES;
				GCC_WARN_ABOUT_RETURN_TYPE = YES_ERROR;
				GCC_WARN_UNDECLARED_SELECTOR = YES;
				GCC_WARN_UNINITIALIZED_AUTOS = YES_AGGRESSIVE;
				GCC_WARN_UNUSED_FUNCTION = YES;
				GCC_WARN_UNUSED_VARIABLE = YES;
				IPHONEOS_DEPLOYMENT_TARGET = 17.5;
				LOCALIZATION_PREFERS_STRING_CATALOGS = YES;
				MTL_ENABLE_DEBUG_INFO = NO;
				MTL_FAST_MATH = YES;
				SDKROOT = iphoneos;
				SWIFT_COMPILATION_MODE = wholemodule;
				VALIDATE_PRODUCT = YES;
			};
			name = Release;
		};
		8470D4622C9E1A9300E11926 /* Debug */ = {
			isa = XCBuildConfiguration;
			buildSettings = {
				ASSETCATALOG_COMPILER_APPICON_NAME = AppIcon;
				ASSETCATALOG_COMPILER_GLOBAL_ACCENT_COLOR_NAME = AccentColor;
				CODE_SIGN_STYLE = Automatic;
				CURRENT_PROJECT_VERSION = 1;
				DEVELOPMENT_TEAM = YTR4KB7A4S;
				GENERATE_INFOPLIST_FILE = YES;
				INFOPLIST_FILE = RickAndMorty/Info.plist;
				INFOPLIST_KEY_UIApplicationSupportsIndirectInputEvents = YES;
				INFOPLIST_KEY_UILaunchStoryboardName = LaunchScreen;
				INFOPLIST_KEY_UISupportedInterfaceOrientations_iPad = "UIInterfaceOrientationPortrait UIInterfaceOrientationPortraitUpsideDown UIInterfaceOrientationLandscapeLeft UIInterfaceOrientationLandscapeRight";
				INFOPLIST_KEY_UISupportedInterfaceOrientations_iPhone = "UIInterfaceOrientationPortrait UIInterfaceOrientationLandscapeLeft UIInterfaceOrientationLandscapeRight";
				LD_RUNPATH_SEARCH_PATHS = (
					"$(inherited)",
					"@executable_path/Frameworks",
				);
				MARKETING_VERSION = 1.0;
				PRODUCT_BUNDLE_IDENTIFIER = com.tallee.RickAndMorty;
				PRODUCT_NAME = "$(TARGET_NAME)";
				SWIFT_EMIT_LOC_STRINGS = YES;
				SWIFT_VERSION = 5.0;
				TARGETED_DEVICE_FAMILY = "1,2";
			};
			name = Debug;
		};
		8470D4632C9E1A9300E11926 /* Release */ = {
			isa = XCBuildConfiguration;
			buildSettings = {
				ASSETCATALOG_COMPILER_APPICON_NAME = AppIcon;
				ASSETCATALOG_COMPILER_GLOBAL_ACCENT_COLOR_NAME = AccentColor;
				CODE_SIGN_STYLE = Automatic;
				CURRENT_PROJECT_VERSION = 1;
				DEVELOPMENT_TEAM = YTR4KB7A4S;
				GENERATE_INFOPLIST_FILE = YES;
				INFOPLIST_FILE = RickAndMorty/Info.plist;
				INFOPLIST_KEY_UIApplicationSupportsIndirectInputEvents = YES;
				INFOPLIST_KEY_UILaunchStoryboardName = LaunchScreen;
				INFOPLIST_KEY_UISupportedInterfaceOrientations_iPad = "UIInterfaceOrientationPortrait UIInterfaceOrientationPortraitUpsideDown UIInterfaceOrientationLandscapeLeft UIInterfaceOrientationLandscapeRight";
				INFOPLIST_KEY_UISupportedInterfaceOrientations_iPhone = "UIInterfaceOrientationPortrait UIInterfaceOrientationLandscapeLeft UIInterfaceOrientationLandscapeRight";
				LD_RUNPATH_SEARCH_PATHS = (
					"$(inherited)",
					"@executable_path/Frameworks",
				);
				MARKETING_VERSION = 1.0;
				PRODUCT_BUNDLE_IDENTIFIER = com.tallee.RickAndMorty;
				PRODUCT_NAME = "$(TARGET_NAME)";
				SWIFT_EMIT_LOC_STRINGS = YES;
				SWIFT_VERSION = 5.0;
				TARGETED_DEVICE_FAMILY = "1,2";
			};
			name = Release;
		};
/* End XCBuildConfiguration section */

/* Begin XCConfigurationList section */
		8470D4482C9E1A9200E11926 /* Build configuration list for PBXProject "RickAndMorty" */ = {
			isa = XCConfigurationList;
			buildConfigurations = (
				8470D45F2C9E1A9300E11926 /* Debug */,
				8470D4602C9E1A9300E11926 /* Release */,
			);
			defaultConfigurationIsVisible = 0;
			defaultConfigurationName = Release;
		};
		8470D4612C9E1A9300E11926 /* Build configuration list for PBXNativeTarget "RickAndMorty" */ = {
			isa = XCConfigurationList;
			buildConfigurations = (
				8470D4622C9E1A9300E11926 /* Debug */,
				8470D4632C9E1A9300E11926 /* Release */,
			);
			defaultConfigurationIsVisible = 0;
			defaultConfigurationName = Release;
		};
/* End XCConfigurationList section */
	};
	rootObject = 8470D4452C9E1A9200E11926 /* Project object */;
}
